
Microsoft Visual Studio Solution File, Format Version 12.00
# Visual Studio Version 17
VisualStudioVersion = 17.6.33829.357
MinimumVisualStudioVersion = 10.0.40219.1
Project("{9A19103F-16F7-4668-BE54-9A1E7A4F7556}") = "LeaseManager", "LeaseManager\LeaseManager.csproj", "{DA4523CA-71FE-44C8-B336-77F4A225CE3F}"
EndProject
Project("{9A19103F-16F7-4668-BE54-9A1E7A4F7556}") = "Client", "Client\Client.csproj", "{A04B4106-6BDA-47C4-BC42-F37E3A998108}"
EndProject
Project("{9A19103F-16F7-4668-BE54-9A1E7A4F7556}") = "TransactionManager", "TransactionManager\TransactionManager.csproj", "{FB18B67C-83A5-4139-84D6-716D1DB825DB}"
EndProject
Project("{9A19103F-16F7-4668-BE54-9A1E7A4F7556}") = "ConfigScript", "ConfigScript\ConfigScript.csproj", "{2AFD55B6-FBE4-42C5-A4DB-981F05430DD0}"
EndProject
Global
	GlobalSection(SolutionConfigurationPlatforms) = preSolution
		Debug|Any CPU = Debug|Any CPU
		Release|Any CPU = Release|Any CPU
	EndGlobalSection
	GlobalSection(ProjectConfigurationPlatforms) = postSolution
		{DA4523CA-71FE-44C8-B336-77F4A225CE3F}.Debug|Any CPU.ActiveCfg = Debug|Any CPU
		{DA4523CA-71FE-44C8-B336-77F4A225CE3F}.Debug|Any CPU.Build.0 = Debug|Any CPU
		{DA4523CA-71FE-44C8-B336-77F4A225CE3F}.Release|Any CPU.ActiveCfg = Release|Any CPU
		{DA4523CA-71FE-44C8-B336-77F4A225CE3F}.Release|Any CPU.Build.0 = Release|Any CPU
		{A04B4106-6BDA-47C4-BC42-F37E3A998108}.Debug|Any CPU.ActiveCfg = Debug|Any CPU
		{A04B4106-6BDA-47C4-BC42-F37E3A998108}.Debug|Any CPU.Build.0 = Debug|Any CPU
		{A04B4106-6BDA-47C4-BC42-F37E3A998108}.Release|Any CPU.ActiveCfg = Release|Any CPU
		{A04B4106-6BDA-47C4-BC42-F37E3A998108}.Release|Any CPU.Build.0 = Release|Any CPU
		{FB18B67C-83A5-4139-84D6-716D1DB825DB}.Debug|Any CPU.ActiveCfg = Debug|Any CPU
		{FB18B67C-83A5-4139-84D6-716D1DB825DB}.Debug|Any CPU.Build.0 = Debug|Any CPU
		{FB18B67C-83A5-4139-84D6-716D1DB825DB}.Release|Any CPU.ActiveCfg = Release|Any CPU
		{FB18B67C-83A5-4139-84D6-716D1DB825DB}.Release|Any CPU.Build.0 = Release|Any CPU
		{2AFD55B6-FBE4-42C5-A4DB-981F05430DD0}.Debug|Any CPU.ActiveCfg = Debug|Any CPU
		{2AFD55B6-FBE4-42C5-A4DB-981F05430DD0}.Debug|Any CPU.Build.0 = Debug|Any CPU
		{2AFD55B6-FBE4-42C5-A4DB-981F05430DD0}.Release|Any CPU.ActiveCfg = Release|Any CPU
		{2AFD55B6-FBE4-42C5-A4DB-981F05430DD0}.Release|Any CPU.Build.0 = Release|Any CPU
	EndGlobalSection
	GlobalSection(SolutionProperties) = preSolution
		HideSolutionNode = FALSE
	EndGlobalSection
	GlobalSection(ExtensibilityGlobals) = postSolution
		SolutionGuid = {590FCD8C-370A-4090-B249-1A63CADE942D}
	EndGlobalSection
EndGlobal
